PODS:
  - Kanna (2.0.0)
  - MusicMojoLyrica (1.0.0):
    - Kanna (~> 2.0.0)

DEPENDENCIES:
  - MusicMojoLyrica (from `../`)

EXTERNAL SOURCES:
  MusicMojoLyrica:
    :path: ../

SPEC CHECKSUMS:
  Kanna: 9a6637f72f5c77fe9c045b1efb2a5bb074754af8
  MusicMojoLyrica: a995badba8da4cc6363ede3f9253e53a69efa571

PODFILE CHECKSUM: b01b777f86d65a54d6f1edb7bdbeaf7a3cdadcda

COCOAPODS: 1.1.0.rc.3
