PODS:
  - ItunesSearch (1.0.0):
    - Kanna (~> 2.0.0)
  - Kanna (2.0.0)

DEPENDENCIES:
  - ItunesSearch (from `../`)

EXTERNAL SOURCES:
  ItunesSearch:
    :path: ../

SPEC CHECKSUMS:
  ItunesSearch: 5d709317ab72bbe901c7f3e0a36a5bef1b79beaf
  Kanna: 9a6637f72f5c77fe9c045b1efb2a5bb074754af8

PODFILE CHECKSUM: 17a2a7882ff9f3c8532d55ef18a23aa5ed2ea49a

COCOAPODS: 1.1.0.rc.3
